
Microsoft Visual Studio Solution File, Format Version 12.00
# Visual Studio 15
VisualStudioVersion = 15.0.27004.2002
MinimumVisualStudioVersion = 10.0.40219.1
Project("{FAE04EC0-301F-11D3-BF4B-00C04F79EFBC}") = "ConsoleApp29", "ConsoleApp29\ConsoleApp29.csproj", "{75C341CE-0963-434B-BD3B-D1345A301E77}"
EndProject
Global
	GlobalSection(SolutionConfigurationPlatforms) = preSolution
		Debug|Any CPU = Debug|Any CPU
		Release|Any CPU = Release|Any CPU
	EndGlobalSection
	GlobalSection(ProjectConfigurationPlatforms) = postSolution
		{75C341CE-0963-434B-BD3B-D1345A301E77}.Debug|Any CPU.ActiveCfg = Debug|Any CPU
		{75C341CE-0963-434B-BD3B-D1345A301E77}.Debug|Any CPU.Build.0 = Debug|Any CPU
		{75C341CE-0963-434B-BD3B-D1345A301E77}.Release|Any CPU.ActiveCfg = Release|Any CPU
		{75C341CE-0963-434B-BD3B-D1345A301E77}.Release|Any CPU.Build.0 = Release|Any CPU
	EndGlobalSection
	GlobalSection(SolutionProperties) = preSolution
		HideSolutionNode = FALSE
	EndGlobalSection
	GlobalSection(ExtensibilityGlobals) = postSolution
		SolutionGuid = {447E9687-7F39-485E-B3F7-5E376035C4A4}
	EndGlobalSection
EndGlobal
